// !$*UTF8*$!
{
	archiveVersion = 1;
	classes = {
	};
	objectVersion = 50;
	objects = {

/* Begin PBXBuildFile section */
		DB47F1BE21C0CD1C00CEC7F5 /* Engine.cpp in Sources */ = {isa = PBXBuildFile; fileRef = DB47F1BC21C0CD1C00CEC7F5 /* Engine.cpp */; };
		DB47F1C421C0CEC400CEC7F5 /* EngineC.cpp in Sources */ = {isa = PBXBuildFile; fileRef = DB47F1C221C0CEC400CEC7F5 /* EngineC.cpp */; };
		DBE8D6D821ABB985002AD956 /* main.swift in Sources */ = {isa = PBXBuildFile; fileRef = DBE8D6D721ABB985002AD956 /* main.swift */; };
		DBE8D6E021ABE54A002AD956 /* ColorConversions.cpp in Sources */ = {isa = PBXBuildFile; fileRef = DBE8D6DE21ABE54A002AD956 /* ColorConversions.cpp */; };
		DBE8D6E321AD11B7002AD956 /* Dither.cpp in Sources */ = {isa = PBXBuildFile; fileRef = DBE8D6E121AD11B7002AD956 /* Dither.cpp */; };
/* End PBXBuildFile section */

/* Begin PBXCopyFilesBuildPhase section */
		DBE8D6D221ABB985002AD956 /* CopyFiles */ = {
			isa = PBXCopyFilesBuildPhase;
			buildActionMask = 2147483647;
			dstPath = /usr/share/man/man1/;
			dstSubfolderSpec = 0;
			files = (
			);
			runOnlyForDeploymentPostprocessing = 1;
		};
/* End PBXCopyFilesBuildPhase section */

/* Begin PBXFileReference section */
		DB47F1B721C0C71B00CEC7F5 /* Triple.hpp */ = {isa = PBXFileReference; lastKnownFileType = sourcecode.cpp.h; path = Triple.hpp; sourceTree = "<group>"; };
		DB47F1B921C0C9BC00CEC7F5 /* BrickMosaicCL-Bridging-Header.h */ = {isa = PBXFileReference; lastKnownFileType = sourcecode.c.h; path = "BrickMosaicCL-Bridging-Header.h"; sourceTree = "<group>"; };
		DB47F1BC21C0CD1C00CEC7F5 /* Engine.cpp */ = {isa = PBXFileReference; lastKnownFileType = sourcecode.cpp.cpp; path = Engine.cpp; sourceTree = "<group>"; };
		DB47F1BD21C0CD1C00CEC7F5 /* Engine.hpp */ = {isa = PBXFileReference; lastKnownFileType = sourcecode.cpp.h; path = Engine.hpp; sourceTree = "<group>"; };
		DB47F1C221C0CEC400CEC7F5 /* EngineC.cpp */ = {isa = PBXFileReference; lastKnownFileType = sourcecode.cpp.cpp; path = EngineC.cpp; sourceTree = "<group>"; };
		DB47F1C321C0CEC400CEC7F5 /* EngineC.h */ = {isa = PBXFileReference; lastKnownFileType = sourcecode.c.h; path = EngineC.h; sourceTree = "<group>"; };
		DBE8D6D421ABB985002AD956 /* BrickMosaicCL */ = {isa = PBXFileReference; explicitFileType = "compiled.mach-o.executable"; includeInIndex = 0; path = BrickMosaicCL; sourceTree = BUILT_PRODUCTS_DIR; };
		DBE8D6D721ABB985002AD956 /* main.swift */ = {isa = PBXFileReference; lastKnownFileType = sourcecode.swift; path = main.swift; sourceTree = "<group>"; };
		DBE8D6DE21ABE54A002AD956 /* ColorConversions.cpp */ = {isa = PBXFileReference; lastKnownFileType = sourcecode.cpp.cpp; path = ColorConversions.cpp; sourceTree = "<group>"; };
		DBE8D6DF21ABE54A002AD956 /* ColorConversions.hpp */ = {isa = PBXFileReference; lastKnownFileType = sourcecode.cpp.h; path = ColorConversions.hpp; sourceTree = "<group>"; };
		DBE8D6E121AD11B7002AD956 /* Dither.cpp */ = {isa = PBXFileReference; lastKnownFileType = sourcecode.cpp.cpp; path = Dither.cpp; sourceTree = "<group>"; };
		DBE8D6E221AD11B7002AD956 /* Dither.hpp */ = {isa = PBXFileReference; lastKnownFileType = sourcecode.cpp.h; path = Dither.hpp; sourceTree = "<group>"; };
/* End PBXFileReference section */

/* Begin PBXFrameworksBuildPhase section */
		DBE8D6D121ABB985002AD956 /* Frameworks */ = {
			isa = PBXFrameworksBuildPhase;
			buildActionMask = 2147483647;
			files = (
			);
			runOnlyForDeploymentPostprocessing = 0;
		};
/* End PBXFrameworksBuildPhase section */

/* Begin PBXGroup section */
		DBE8D6CB21ABB985002AD956 = {
			isa = PBXGroup;
			children = (
				DBE8D6D621ABB985002AD956 /* BrickMosaicCL */,
				DBE8D6D521ABB985002AD956 /* Products */,
			);
			sourceTree = "<group>";
		};
		DBE8D6D521ABB985002AD956 /* Products */ = {
			isa = PBXGroup;
			children = (
				DBE8D6D421ABB985002AD956 /* BrickMosaicCL */,
			);
			name = Products;
			sourceTree = "<group>";
		};
		DBE8D6D621ABB985002AD956 /* BrickMosaicCL */ = {
			isa = PBXGroup;
			children = (
				DBE8D6D721ABB985002AD956 /* main.swift */,
				DBE8D6DE21ABE54A002AD956 /* ColorConversions.cpp */,
				DBE8D6DF21ABE54A002AD956 /* ColorConversions.hpp */,
				DBE8D6E121AD11B7002AD956 /* Dither.cpp */,
				DBE8D6E221AD11B7002AD956 /* Dither.hpp */,
				DB47F1B721C0C71B00CEC7F5 /* Triple.hpp */,
				DB47F1B921C0C9BC00CEC7F5 /* BrickMosaicCL-Bridging-Header.h */,
				DB47F1BC21C0CD1C00CEC7F5 /* Engine.cpp */,
				DB47F1BD21C0CD1C00CEC7F5 /* Engine.hpp */,
				DB47F1C221C0CEC400CEC7F5 /* EngineC.cpp */,
				DB47F1C321C0CEC400CEC7F5 /* EngineC.h */,
			);
			path = BrickMosaicCL;
			sourceTree = "<group>";
		};
/* End PBXGroup section */

/* Begin PBXNativeTarget section */
		DBE8D6D321ABB985002AD956 /* BrickMosaicCL */ = {
			isa = PBXNativeTarget;
			buildConfigurationList = DBE8D6DB21ABB985002AD956 /* Build configuration list for PBXNativeTarget "BrickMosaicCL" */;
			buildPhases = (
				DBE8D6D021ABB985002AD956 /* Sources */,
				DBE8D6D121ABB985002AD956 /* Frameworks */,
				DBE8D6D221ABB985002AD956 /* CopyFiles */,
			);
			buildRules = (
			);
			dependencies = (
			);
			name = BrickMosaicCL;
			productName = BrickMosaicCL;
			productReference = DBE8D6D421ABB985002AD956 /* BrickMosaicCL */;
			productType = "com.apple.product-type.tool";
		};
/* End PBXNativeTarget section */

/* Begin PBXProject section */
		DBE8D6CC21ABB985002AD956 /* Project object */ = {
			isa = PBXProject;
			attributes = {
				LastSwiftUpdateCheck = 1010;
				LastUpgradeCheck = 1010;
				ORGANIZATIONNAME = "Alexander Brodie";
				TargetAttributes = {
					DBE8D6D321ABB985002AD956 = {
						CreatedOnToolsVersion = 10.1;
						LastSwiftMigration = 1010;
					};
				};
			};
			buildConfigurationList = DBE8D6CF21ABB985002AD956 /* Build configuration list for PBXProject "BrickMosaicCL" */;
			compatibilityVersion = "Xcode 9.3";
			developmentRegion = en;
			hasScannedForEncodings = 0;
			knownRegions = (
				en,
			);
			mainGroup = DBE8D6CB21ABB985002AD956;
			productRefGroup = DBE8D6D521ABB985002AD956 /* Products */;
			projectDirPath = "";
			projectRoot = "";
			targets = (
				DBE8D6D321ABB985002AD956 /* BrickMosaicCL */,
			);
		};
/* End PBXProject section */

/* Begin PBXSourcesBuildPhase section */
		DBE8D6D021ABB985002AD956 /* Sources */ = {
			isa = PBXSourcesBuildPhase;
			buildActionMask = 2147483647;
			files = (
				DBE8D6D821ABB985002AD956 /* main.swift in Sources */,
				DB47F1C421C0CEC400CEC7F5 /* EngineC.cpp in Sources */,
				DBE8D6E021ABE54A002AD956 /* ColorConversions.cpp in Sources */,
				DBE8D6E321AD11B7002AD956 /* Dither.cpp in Sources */,
				DB47F1BE21C0CD1C00CEC7F5 /* Engine.cpp in Sources */,
			);
			runOnlyForDeploymentPostprocessing = 0;
		};
/* End PBXSourcesBuildPhase section */

/* Begin XCBuildConfiguration section */
		DBE8D6D921ABB985002AD956 /* Debug */ = {
			isa = XCBuildConfiguration;
			buildSettings = {
				ALWAYS_SEARCH_USER_PATHS = NO;
				CLANG_ANALYZER_NONNULL = YES;
				CLANG_ANALYZER_NUMBER_OBJECT_CONVERSION = YES_AGGRESSIVE;
				CLANG_CXX_LANGUAGE_STANDARD = "gnu++14";
				CLANG_CXX_LIBRARY = "libc++";
				CLANG_ENABLE_MODULES = YES;
				CLANG_ENABLE_OBJC_ARC = YES;
				CLANG_ENABLE_OBJC_WEAK = YES;
				CLANG_WARN_BLOCK_CAPTURE_AUTORELEASING = YES;
				CLANG_WARN_BOOL_CONVERSION = YES;
				CLANG_WARN_COMMA = YES;
				CLANG_WARN_CONSTANT_CONVERSION = YES;
				CLANG_WARN_DEPRECATED_OBJC_IMPLEMENTATIONS = YES;
				CLANG_WARN_DIRECT_OBJC_ISA_USAGE = YES_ERROR;
				CLANG_WARN_DOCUMENTATION_COMMENTS = YES;
				CLANG_WARN_EMPTY_BODY = YES;
				CLANG_WARN_ENUM_CONVERSION = YES;
				CLANG_WARN_INFINITE_RECURSION = YES;
				CLANG_WARN_INT_CONVERSION = YES;
				CLANG_WARN_NON_LITERAL_NULL_CONVERSION = YES;
				CLANG_WARN_OBJC_IMPLICIT_RETAIN_SELF = YES;
				CLANG_WARN_OBJC_LITERAL_CONVERSION = YES;
				CLANG_WARN_OBJC_ROOT_CLASS = YES_ERROR;
				CLANG_WARN_RANGE_LOOP_ANALYSIS = YES;
				CLANG_WARN_STRICT_PROTOTYPES = YES;
				CLANG_WARN_SUSPICIOUS_MOVE = YES;
				CLANG_WARN_UNGUARDED_AVAILABILITY = YES_AGGRESSIVE;
				CLANG_WARN_UNREACHABLE_CODE = YES;
				CLANG_WARN__DUPLICATE_METHOD_MATCH = YES;
				CODE_SIGN_IDENTITY = "Mac Developer";
				COPY_PHASE_STRIP = NO;
				DEBUG_INFORMATION_FORMAT = dwarf;
				ENABLE_STRICT_OBJC_MSGSEND = YES;
				ENABLE_TESTABILITY = YES;
				GCC_C_LANGUAGE_STANDARD = gnu11;
				GCC_DYNAMIC_NO_PIC = NO;
				GCC_NO_COMMON_BLOCKS = YES;
				GCC_OPTIMIZATION_LEVEL = 0;
				GCC_PREPROCESSOR_DEFINITIONS = (
					"DEBUG=1",
					"$(inherited)",
				);
				GCC_WARN_64_TO_32_BIT_CONVERSION = YES;
				GCC_WARN_ABOUT_RETURN_TYPE = YES_ERROR;
				GCC_WARN_UNDECLARED_SELECTOR = YES;
				GCC_WARN_UNINITIALIZED_AUTOS = YES_AGGRESSIVE;
				GCC_WARN_UNUSED_FUNCTION = YES;
				GCC_WARN_UNUSED_VARIABLE = YES;
				MACOSX_DEPLOYMENT_TARGET = 10.14;
				MTL_ENABLE_DEBUG_INFO = INCLUDE_SOURCE;
				MTL_FAST_MATH = YES;
				ONLY_ACTIVE_ARCH = YES;
				SDKROOT = macosx;
				SWIFT_ACTIVE_COMPILATION_CONDITIONS = DEBUG;
				SWIFT_OPTIMIZATION_LEVEL = "-Onone";
			};
			name = Debug;
		};
		DBE8D6DA21ABB985002AD956 /* Release */ = {
			isa = XCBuildConfiguration;
			buildSettings = {
				ALWAYS_SEARCH_USER_PATHS = NO;
				CLANG_ANALYZER_NONNULL = YES;
				CLANG_ANALYZER_NUMBER_OBJECT_CONVERSION = YES_AGGRESSIVE;
				CLANG_CXX_LANGUAGE_STANDARD = "gnu++14";
				CLANG_CXX_LIBRARY = "libc++";
				CLANG_ENABLE_MODULES = YES;
				CLANG_ENABLE_OBJC_ARC = YES;
				CLANG_ENABLE_OBJC_WEAK = YES;
				CLANG_WARN_BLOCK_CAPTURE_AUTORELEASING = YES;
				CLANG_WARN_BOOL_CONVERSION = YES;
				CLANG_WARN_COMMA = YES;
				CLANG_WARN_CONSTANT_CONVERSION = YES;
				CLANG_WARN_DEPRECATED_OBJC_IMPLEMENTATIONS = YES;
				CLANG_WARN_DIRECT_OBJC_ISA_USAGE = YES_ERROR;
				CLANG_WARN_DOCUMENTATION_COMMENTS = YES;
				CLANG_WARN_EMPTY_BODY = YES;
				CLANG_WARN_ENUM_CONVERSION = YES;
				CLANG_WARN_INFINITE_RECURSION = YES;
				CLANG_WARN_INT_CONVERSION = YES;
				CLANG_WARN_NON_LITERAL_NULL_CONVERSION = YES;
				CLANG_WARN_OBJC_IMPLICIT_RETAIN_SELF = YES;
				CLANG_WARN_OBJC_LITERAL_CONVERSION = YES;
				CLANG_WARN_OBJC_ROOT_CLASS = YES_ERROR;
				CLANG_WARN_RANGE_LOOP_ANALYSIS = YES;
				CLANG_WARN_STRICT_PROTOTYPES = YES;
				CLANG_WARN_SUSPICIOUS_MOVE = YES;
				CLANG_WARN_UNGUARDED_AVAILABILITY = YES_AGGRESSIVE;
				CLANG_WARN_UNREACHABLE_CODE = YES;
				CLANG_WARN__DUPLICATE_METHOD_MATCH = YES;
				CODE_SIGN_IDENTITY = "Mac Developer";
				COPY_PHASE_STRIP = NO;
				DEBUG_INFORMATION_FORMAT = "dwarf-with-dsym";
				ENABLE_NS_ASSERTIONS = NO;
				ENABLE_STRICT_OBJC_MSGSEND = YES;
				GCC_C_LANGUAGE_STANDARD = gnu11;
				GCC_NO_COMMON_BLOCKS = YES;
				GCC_WARN_64_TO_32_BIT_CONVERSION = YES;
				GCC_WARN_ABOUT_RETURN_TYPE = YES_ERROR;
				GCC_WARN_UNDECLARED_SELECTOR = YES;
				GCC_WARN_UNINITIALIZED_AUTOS = YES_AGGRESSIVE;
				GCC_WARN_UNUSED_FUNCTION = YES;
				GCC_WARN_UNUSED_VARIABLE = YES;
				MACOSX_DEPLOYMENT_TARGET = 10.14;
				MTL_ENABLE_DEBUG_INFO = NO;
				MTL_FAST_MATH = YES;
				SDKROOT = macosx;
				SWIFT_COMPILATION_MODE = wholemodule;
				SWIFT_OPTIMIZATION_LEVEL = "-O";
			};
			name = Release;
		};
		DBE8D6DC21ABB985002AD956 /* Debug */ = {
			isa = XCBuildConfiguration;
			buildSettings = {
				CLANG_ENABLE_MODULES = YES;
				CODE_SIGN_STYLE = Automatic;
				DEVELOPMENT_TEAM = 982SVPBAJ7;
				LD_RUNPATH_SEARCH_PATHS = (
					"$(inherited)",
					"@executable_path/../Frameworks",
					"@loader_path/../Frameworks",
				);
				PRODUCT_NAME = "$(TARGET_NAME)";
				SWIFT_OBJC_BRIDGING_HEADER = "BrickMosaicCL/BrickMosaicCL-Bridging-Header.h";
				SWIFT_OPTIMIZATION_LEVEL = "-Onone";
				SWIFT_VERSION = 4.2;
			};
			name = Debug;
		};
		DBE8D6DD21ABB985002AD956 /* Release */ = {
			isa = XCBuildConfiguration;
			buildSettings = {
				CLANG_ENABLE_MODULES = YES;
				CODE_SIGN_STYLE = Automatic;
				DEVELOPMENT_TEAM = 982SVPBAJ7;
				LD_RUNPATH_SEARCH_PATHS = (
					"$(inherited)",
					"@executable_path/../Frameworks",
					"@loader_path/../Frameworks",
				);
				PRODUCT_NAME = "$(TARGET_NAME)";
				SWIFT_OBJC_BRIDGING_HEADER = "BrickMosaicCL/BrickMosaicCL-Bridging-Header.h";
				SWIFT_VERSION = 4.2;
			};
			name = Release;
		};
/* End XCBuildConfiguration section */

/* Begin XCConfigurationList section */
		DBE8D6CF21ABB985002AD956 /* Build configuration list for PBXProject "BrickMosaicCL" */ = {
			isa = XCConfigurationList;
			buildConfigurations = (
				DBE8D6D921ABB985002AD956 /* Debug */,
				DBE8D6DA21ABB985002AD956 /* Release */,
			);
			defaultConfigurationIsVisible = 0;
			defaultConfigurationName = Release;
		};
		DBE8D6DB21ABB985002AD956 /* Build configuration list for PBXNativeTarget "BrickMosaicCL" */ = {
			isa = XCConfigurationList;
			buildConfigurations = (
				DBE8D6DC21ABB985002AD956 /* Debug */,
				DBE8D6DD21ABB985002AD956 /* Release */,
			);
			defaultConfigurationIsVisible = 0;
			defaultConfigurationName = Release;
		};
/* End XCConfigurationList section */
	};
	rootObject = DBE8D6CC21ABB985002AD956 /* Project object */;
}
